// !$*UTF8*$!
{
	archiveVersion = 1;
	classes = {
	};
	objectVersion = 46;
	objects = {

/* Begin PBXBuildFile section */
		86B947C51A9C53DC00056401 /* AppDelegate.swift in Sources */ = {isa = PBXBuildFile; fileRef = 86B947C41A9C53DC00056401 /* AppDelegate.swift */; };
		86B947C71A9C53DC00056401 /* ViewController.swift in Sources */ = {isa = PBXBuildFile; fileRef = 86B947C61A9C53DC00056401 /* ViewController.swift */; };
		86B947CA1A9C53DC00056401 /* Main.storyboard in Resources */ = {isa = PBXBuildFile; fileRef = 86B947C81A9C53DC00056401 /* Main.storyboard */; };
		86B947CC1A9C53DC00056401 /* Images.xcassets in Resources */ = {isa = PBXBuildFile; fileRef = 86B947CB1A9C53DC00056401 /* Images.xcassets */; };
		86B947CF1A9C53DC00056401 /* LaunchScreen.xib in Resources */ = {isa = PBXBuildFile; fileRef = 86B947CD1A9C53DC00056401 /* LaunchScreen.xib */; };
		86B947DB1A9C53DC00056401 /* ProtocolStuffTests.swift in Sources */ = {isa = PBXBuildFile; fileRef = 86B947DA1A9C53DC00056401 /* ProtocolStuffTests.swift */; };
/* End PBXBuildFile section */

/* Begin PBXContainerItemProxy section */
		86B947D51A9C53DC00056401 /* PBXContainerItemProxy */ = {
			isa = PBXContainerItemProxy;
			containerPortal = 86B947B71A9C53DC00056401 /* Project object */;
			proxyType = 1;
			remoteGlobalIDString = 86B947BE1A9C53DC00056401;
			remoteInfo = ProtocolStuff;
		};
/* End PBXContainerItemProxy section */

/* Begin PBXFileReference section */
		86B947BF1A9C53DC00056401 /* ProtocolStuff.app */ = {isa = PBXFileReference; explicitFileType = wrapper.application; includeInIndex = 0; path = ProtocolStuff.app; sourceTree = BUILT_PRODUCTS_DIR; };
		86B947C31A9C53DC00056401 /* Info.plist */ = {isa = PBXFileReference; lastKnownFileType = text.plist.xml; path = Info.plist; sourceTree = "<group>"; };
		86B947C41A9C53DC00056401 /* AppDelegate.swift */ = {isa = PBXFileReference; lastKnownFileType = sourcecode.swift; path = AppDelegate.swift; sourceTree = "<group>"; };
		86B947C61A9C53DC00056401 /* ViewController.swift */ = {isa = PBXFileReference; lastKnownFileType = sourcecode.swift; path = ViewController.swift; sourceTree = "<group>"; };
		86B947C91A9C53DC00056401 /* Base */ = {isa = PBXFileReference; lastKnownFileType = file.storyboard; name = Base; path = Base.lproj/Main.storyboard; sourceTree = "<group>"; };
		86B947CB1A9C53DC00056401 /* Images.xcassets */ = {isa = PBXFileReference; lastKnownFileType = folder.assetcatalog; path = Images.xcassets; sourceTree = "<group>"; };
		86B947CE1A9C53DC00056401 /* Base */ = {isa = PBXFileReference; lastKnownFileType = file.xib; name = Base; path = Base.lproj/LaunchScreen.xib; sourceTree = "<group>"; };
		86B947D41A9C53DC00056401 /* ProtocolStuffTests.xctest */ = {isa = PBXFileReference; explicitFileType = wrapper.cfbundle; includeInIndex = 0; path = ProtocolStuffTests.xctest; sourceTree = BUILT_PRODUCTS_DIR; };
		86B947D91A9C53DC00056401 /* Info.plist */ = {isa = PBXFileReference; lastKnownFileType = text.plist.xml; path = Info.plist; sourceTree = "<group>"; };
		86B947DA1A9C53DC00056401 /* ProtocolStuffTests.swift */ = {isa = PBXFileReference; lastKnownFileType = sourcecode.swift; path = ProtocolStuffTests.swift; sourceTree = "<group>"; };
/* End PBXFileReference section */

/* Begin PBXFrameworksBuildPhase section */
		86B947BC1A9C53DC00056401 /* Frameworks */ = {
			isa = PBXFrameworksBuildPhase;
			buildActionMask = 2147483647;
			files = (
			);
			runOnlyForDeploymentPostprocessing = 0;
		};
		86B947D11A9C53DC00056401 /* Frameworks */ = {
			isa = PBXFrameworksBuildPhase;
			buildActionMask = 2147483647;
			files = (
			);
			runOnlyForDeploymentPostprocessing = 0;
		};
/* End PBXFrameworksBuildPhase section */

/* Begin PBXGroup section */
		86B947B61A9C53DC00056401 = {
			isa = PBXGroup;
			children = (
				86B947C11A9C53DC00056401 /* ProtocolStuff */,
				86B947D71A9C53DC00056401 /* ProtocolStuffTests */,
				86B947C01A9C53DC00056401 /* Products */,
			);
			sourceTree = "<group>";
		};
		86B947C01A9C53DC00056401 /* Products */ = {
			isa = PBXGroup;
			children = (
				86B947BF1A9C53DC00056401 /* ProtocolStuff.app */,
				86B947D41A9C53DC00056401 /* ProtocolStuffTests.xctest */,
			);
			name = Products;
			sourceTree = "<group>";
		};
		86B947C11A9C53DC00056401 /* ProtocolStuff */ = {
			isa = PBXGroup;
			children = (
				86B947C41A9C53DC00056401 /* AppDelegate.swift */,
				86B947C61A9C53DC00056401 /* ViewController.swift */,
				86B947C81A9C53DC00056401 /* Main.storyboard */,
				86B947CB1A9C53DC00056401 /* Images.xcassets */,
				86B947CD1A9C53DC00056401 /* LaunchScreen.xib */,
				86B947C21A9C53DC00056401 /* Supporting Files */,
			);
			path = ProtocolStuff;
			sourceTree = "<group>";
		};
		86B947C21A9C53DC00056401 /* Supporting Files */ = {
			isa = PBXGroup;
			children = (
				86B947C31A9C53DC00056401 /* Info.plist */,
			);
			name = "Supporting Files";
			sourceTree = "<group>";
		};
		86B947D71A9C53DC00056401 /* ProtocolStuffTests */ = {
			isa = PBXGroup;
			children = (
				86B947DA1A9C53DC00056401 /* ProtocolStuffTests.swift */,
				86B947D81A9C53DC00056401 /* Supporting Files */,
			);
			path = ProtocolStuffTests;
			sourceTree = "<group>";
		};
		86B947D81A9C53DC00056401 /* Supporting Files */ = {
			isa = PBXGroup;
			children = (
				86B947D91A9C53DC00056401 /* Info.plist */,
			);
			name = "Supporting Files";
			sourceTree = "<group>";
		};
/* End PBXGroup section */

/* Begin PBXNativeTarget section */
		86B947BE1A9C53DC00056401 /* ProtocolStuff */ = {
			isa = PBXNativeTarget;
			buildConfigurationList = 86B947DE1A9C53DC00056401 /* Build configuration list for PBXNativeTarget "ProtocolStuff" */;
			buildPhases = (
				86B947BB1A9C53DC00056401 /* Sources */,
				86B947BC1A9C53DC00056401 /* Frameworks */,
				86B947BD1A9C53DC00056401 /* Resources */,
			);
			buildRules = (
			);
			dependencies = (
			);
			name = ProtocolStuff;
			productName = ProtocolStuff;
			productReference = 86B947BF1A9C53DC00056401 /* ProtocolStuff.app */;
			productType = "com.apple.product-type.application";
		};
		86B947D31A9C53DC00056401 /* ProtocolStuffTests */ = {
			isa = PBXNativeTarget;
			buildConfigurationList = 86B947E11A9C53DC00056401 /* Build configuration list for PBXNativeTarget "ProtocolStuffTests" */;
			buildPhases = (
				86B947D01A9C53DC00056401 /* Sources */,
				86B947D11A9C53DC00056401 /* Frameworks */,
				86B947D21A9C53DC00056401 /* Resources */,
			);
			buildRules = (
			);
			dependencies = (
				86B947D61A9C53DC00056401 /* PBXTargetDependency */,
			);
			name = ProtocolStuffTests;
			productName = ProtocolStuffTests;
			productReference = 86B947D41A9C53DC00056401 /* ProtocolStuffTests.xctest */;
			productType = "com.apple.product-type.bundle.unit-test";
		};
/* End PBXNativeTarget section */

/* Begin PBXProject section */
		86B947B71A9C53DC00056401 /* Project object */ = {
			isa = PBXProject;
			attributes = {
				LastUpgradeCheck = 0630;
				ORGANIZATIONNAME = Sticks;
				TargetAttributes = {
					86B947BE1A9C53DC00056401 = {
						CreatedOnToolsVersion = 6.3;
					};
					86B947D31A9C53DC00056401 = {
						CreatedOnToolsVersion = 6.3;
						TestTargetID = 86B947BE1A9C53DC00056401;
					};
				};
			};
			buildConfigurationList = 86B947BA1A9C53DC00056401 /* Build configuration list for PBXProject "ProtocolStuff" */;
			compatibilityVersion = "Xcode 3.2";
			developmentRegion = English;
			hasScannedForEncodings = 0;
			knownRegions = (
				en,
				Base,
			);
			mainGroup = 86B947B61A9C53DC00056401;
			productRefGroup = 86B947C01A9C53DC00056401 /* Products */;
			projectDirPath = "";
			projectRoot = "";
			targets = (
				86B947BE1A9C53DC00056401 /* ProtocolStuff */,
				86B947D31A9C53DC00056401 /* ProtocolStuffTests */,
			);
		};
/* End PBXProject section */

/* Begin PBXResourcesBuildPhase section */
		86B947BD1A9C53DC00056401 /* Resources */ = {
			isa = PBXResourcesBuildPhase;
			buildActionMask = 2147483647;
			files = (
				86B947CA1A9C53DC00056401 /* Main.storyboard in Resources */,
				86B947CF1A9C53DC00056401 /* LaunchScreen.xib in Resources */,
				86B947CC1A9C53DC00056401 /* Images.xcassets in Resources */,
			);
			runOnlyForDeploymentPostprocessing = 0;
		};
		86B947D21A9C53DC00056401 /* Resources */ = {
			isa = PBXResourcesBuildPhase;
			buildActionMask = 2147483647;
			files = (
			);
			runOnlyForDeploymentPostprocessing = 0;
		};
/* End PBXResourcesBuildPhase section */

/* Begin PBXSourcesBuildPhase section */
		86B947BB1A9C53DC00056401 /* Sources */ = {
			isa = PBXSourcesBuildPhase;
			buildActionMask = 2147483647;
			files = (
				86B947C71A9C53DC00056401 /* ViewController.swift in Sources */,
				86B947C51A9C53DC00056401 /* AppDelegate.swift in Sources */,
			);
			runOnlyForDeploymentPostprocessing = 0;
		};
		86B947D01A9C53DC00056401 /* Sources */ = {
			isa = PBXSourcesBuildPhase;
			buildActionMask = 2147483647;
			files = (
				86B947DB1A9C53DC00056401 /* ProtocolStuffTests.swift in Sources */,
			);
			runOnlyForDeploymentPostprocessing = 0;
		};
/* End PBXSourcesBuildPhase section */

/* Begin PBXTargetDependency section */
		86B947D61A9C53DC00056401 /* PBXTargetDependency */ = {
			isa = PBXTargetDependency;
			target = 86B947BE1A9C53DC00056401 /* ProtocolStuff */;
			targetProxy = 86B947D51A9C53DC00056401 /* PBXContainerItemProxy */;
		};
/* End PBXTargetDependency section */

/* Begin PBXVariantGroup section */
		86B947C81A9C53DC00056401 /* Main.storyboard */ = {
			isa = PBXVariantGroup;
			children = (
				86B947C91A9C53DC00056401 /* Base */,
			);
			name = Main.storyboard;
			sourceTree = "<group>";
		};
		86B947CD1A9C53DC00056401 /* LaunchScreen.xib */ = {
			isa = PBXVariantGroup;
			children = (
				86B947CE1A9C53DC00056401 /* Base */,
			);
			name = LaunchScreen.xib;
			sourceTree = "<group>";
		};
/* End PBXVariantGroup section */

/* Begin XCBuildConfiguration section */
		86B947DC1A9C53DC00056401 /* Debug */ = {
			isa = XCBuildConfiguration;
			buildSettings = {
				ALWAYS_SEARCH_USER_PATHS = NO;
				CLANG_CXX_LANGUAGE_STANDARD = "gnu++0x";
				CLANG_CXX_LIBRARY = "libc++";
				CLANG_ENABLE_MODULES = YES;
				CLANG_ENABLE_OBJC_ARC = YES;
				CLANG_WARN_BOOL_CONVERSION = YES;
				CLANG_WARN_CONSTANT_CONVERSION = YES;
				CLANG_WARN_DIRECT_OBJC_ISA_USAGE = YES_ERROR;
				CLANG_WARN_EMPTY_BODY = YES;
				CLANG_WARN_ENUM_CONVERSION = YES;
				CLANG_WARN_INT_CONVERSION = YES;
				CLANG_WARN_OBJC_ROOT_CLASS = YES_ERROR;
				CLANG_WARN_UNREACHABLE_CODE = YES;
				CLANG_WARN__DUPLICATE_METHOD_MATCH = YES;
				"CODE_SIGN_IDENTITY[sdk=iphoneos*]" = "iPhone Developer";
				COPY_PHASE_STRIP = NO;
				DEBUG_INFORMATION_FORMAT = dwarf;
				ENABLE_STRICT_OBJC_MSGSEND = YES;
				GCC_C_LANGUAGE_STANDARD = gnu99;
				GCC_DYNAMIC_NO_PIC = NO;
				GCC_OPTIMIZATION_LEVEL = 0;
				GCC_PREPROCESSOR_DEFINITIONS = (
					"DEBUG=1",
					"$(inherited)",
				);
				GCC_SYMBOLS_PRIVATE_EXTERN = NO;
				GCC_WARN_64_TO_32_BIT_CONVERSION = YES;
				GCC_WARN_ABOUT_RETURN_TYPE = YES_ERROR;
				GCC_WARN_UNDECLARED_SELECTOR = YES;
				GCC_WARN_UNINITIALIZED_AUTOS = YES_AGGRESSIVE;
				GCC_WARN_UNUSED_FUNCTION = YES;
				GCC_WARN_UNUSED_VARIABLE = YES;
				IPHONEOS_DEPLOYMENT_TARGET = 8.3;
				MTL_ENABLE_DEBUG_INFO = YES;
				ONLY_ACTIVE_ARCH = YES;
				SDKROOT = iphoneos;
				SWIFT_OPTIMIZATION_LEVEL = "-Onone";
				TARGETED_DEVICE_FAMILY = "1,2";
			};
			name = Debug;
		};
		86B947DD1A9C53DC00056401 /* Release */ = {
			isa = XCBuildConfiguration;
			buildSettings = {
				ALWAYS_SEARCH_USER_PATHS = NO;
				CLANG_CXX_LANGUAGE_STANDARD = "gnu++0x";
				CLANG_CXX_LIBRARY = "libc++";
				CLANG_ENABLE_MODULES = YES;
				CLANG_ENABLE_OBJC_ARC = YES;
				CLANG_WARN_BOOL_CONVERSION = YES;
				CLANG_WARN_CONSTANT_CONVERSION = YES;
				CLANG_WARN_DIRECT_OBJC_ISA_USAGE = YES_ERROR;
				CLANG_WARN_EMPTY_BODY = YES;
				CLANG_WARN_ENUM_CONVERSION = YES;
				CLANG_WARN_INT_CONVERSION = YES;
				CLANG_WARN_OBJC_ROOT_CLASS = YES_ERROR;
				CLANG_WARN_UNREACHABLE_CODE = YES;
				CLANG_WARN__DUPLICATE_METHOD_MATCH = YES;
				"CODE_SIGN_IDENTITY[sdk=iphoneos*]" = "iPhone Developer";
				COPY_PHASE_STRIP = NO;
				DEBUG_INFORMATION_FORMAT = "dwarf-with-dsym";
				ENABLE_NS_ASSERTIONS = NO;
				ENABLE_STRICT_OBJC_MSGSEND = YES;
				GCC_C_LANGUAGE_STANDARD = gnu99;
				GCC_WARN_64_TO_32_BIT_CONVERSION = YES;
				GCC_WARN_ABOUT_RETURN_TYPE = YES_ERROR;
				GCC_WARN_UNDECLARED_SELECTOR = YES;
				GCC_WARN_UNINITIALIZED_AUTOS = YES_AGGRESSIVE;
				GCC_WARN_UNUSED_FUNCTION = YES;
				GCC_WARN_UNUSED_VARIABLE = YES;
				IPHONEOS_DEPLOYMENT_TARGET = 8.3;
				MTL_ENABLE_DEBUG_INFO = NO;
				SDKROOT = iphoneos;
				TARGETED_DEVICE_FAMILY = "1,2";
				VALIDATE_PRODUCT = YES;
			};
			name = Release;
		};
		86B947DF1A9C53DC00056401 /* Debug */ = {
			isa = XCBuildConfiguration;
			buildSettings = {
				ASSETCATALOG_COMPILER_APPICON_NAME = AppIcon;
				INFOPLIST_FILE = ProtocolStuff/Info.plist;
				LD_RUNPATH_SEARCH_PATHS = "$(inherited) @executable_path/Frameworks";
				PRODUCT_NAME = "$(TARGET_NAME)";
			};
			name = Debug;
		};
		86B947E01A9C53DC00056401 /* Release */ = {
			isa = XCBuildConfiguration;
			buildSettings = {
				ASSETCATALOG_COMPILER_APPICON_NAME = AppIcon;
				INFOPLIST_FILE = ProtocolStuff/Info.plist;
				LD_RUNPATH_SEARCH_PATHS = "$(inherited) @executable_path/Frameworks";
				PRODUCT_NAME = "$(TARGET_NAME)";
			};
			name = Release;
		};
		86B947E21A9C53DC00056401 /* Debug */ = {
			isa = XCBuildConfiguration;
			buildSettings = {
				BUNDLE_LOADER = "$(TEST_HOST)";
				FRAMEWORK_SEARCH_PATHS = (
					"$(SDKROOT)/Developer/Library/Frameworks",
					"$(inherited)",
				);
				GCC_PREPROCESSOR_DEFINITIONS = (
					"DEBUG=1",
					"$(inherited)",
				);
				INFOPLIST_FILE = ProtocolStuffTests/Info.plist;
				LD_RUNPATH_SEARCH_PATHS = "$(inherited) @executable_path/Frameworks @loader_path/Frameworks";
				PRODUCT_NAME = "$(TARGET_NAME)";
				TEST_HOST = "$(BUILT_PRODUCTS_DIR)/ProtocolStuff.app/ProtocolStuff";
			};
			name = Debug;
		};
		86B947E31A9C53DC00056401 /* Release */ = {
			isa = XCBuildConfiguration;
			buildSettings = {
				BUNDLE_LOADER = "$(TEST_HOST)";
				FRAMEWORK_SEARCH_PATHS = (
					"$(SDKROOT)/Developer/Library/Frameworks",
					"$(inherited)",
				);
				INFOPLIST_FILE = ProtocolStuffTests/Info.plist;
				LD_RUNPATH_SEARCH_PATHS = "$(inherited) @executable_path/Frameworks @loader_path/Frameworks";
				PRODUCT_NAME = "$(TARGET_NAME)";
				TEST_HOST = "$(BUILT_PRODUCTS_DIR)/ProtocolStuff.app/ProtocolStuff";
			};
			name = Release;
		};
/* End XCBuildConfiguration section */

/* Begin XCConfigurationList section */
		86B947BA1A9C53DC00056401 /* Build configuration list for PBXProject "ProtocolStuff" */ = {
			isa = XCConfigurationList;
			buildConfigurations = (
				86B947DC1A9C53DC00056401 /* Debug */,
				86B947DD1A9C53DC00056401 /* Release */,
			);
			defaultConfigurationIsVisible = 0;
			defaultConfigurationName = Release;
		};
		86B947DE1A9C53DC00056401 /* Build configuration list for PBXNativeTarget "ProtocolStuff" */ = {
			isa = XCConfigurationList;
			buildConfigurations = (
				86B947DF1A9C53DC00056401 /* Debug */,
				86B947E01A9C53DC00056401 /* Release */,
			);
			defaultConfigurationIsVisible = 0;
		};
		86B947E11A9C53DC00056401 /* Build configuration list for PBXNativeTarget "ProtocolStuffTests" */ = {
			isa = XCConfigurationList;
			buildConfigurations = (
				86B947E21A9C53DC00056401 /* Debug */,
				86B947E31A9C53DC00056401 /* Release */,
			);
			defaultConfigurationIsVisible = 0;
		};
/* End XCConfigurationList section */
	};
	rootObject = 86B947B71A9C53DC00056401 /* Project object */;
}
